Microsoft Visual Studio Solution File, Format Version 12.00
# Visual Studio Version 17
VisualStudioVersion = 17.10.35004.147
MinimumVisualStudioVersion = 10.0.40219.1
Project("{9A19103F-16F7-4668-BE54-9A1E7A4F7556}") = "Client", "Client\Client.csproj", "{7B3C9370-FFF4-4A46-AF20-4D39B2CB19F4}"
EndProject
Project("{9A19103F-16F7-4668-BE54-9A1E7A4F7556}") = "Server", "Server\Server.csproj", "{270C6527-ACBA-4BE2-B245-8B720513598C}"
EndProject
Project("{9A19103F-16F7-4668-BE54-9A1E7A4F7556}") = "Shared", "Shared\Shared.csproj", "{E3A7D5AD-3997-44A9-B90A-99197E2C8AF1}"
EndProject
Project("{9A19103F-16F7-4668-BE54-9A1E7A4F7556}") = "CronJobManager", "CronJobManager\CronJobManager.csproj", "{067270AC-912E-41A4-B1E2-60EA09694725}"
EndProject
Project("{9A19103F-16F7-4668-BE54-9A1E7A4F7556}") = "CronJobManager.Services", "CronJobManager.Services\CronJobManager.Services.csproj", "{EDB6B19E-710B-4BF9-A081-5A99908EA59F}"
EndProject
Project("{2150E333-8FDC-42A3-9474-1A3956D46DE8}") = "Kubernetes", "Kubernetes", "{82DD825F-3869-497E-8C92-28888ABEB0D0}"
	ProjectSection(SolutionItems) = preProject
		client-deployment.yaml = client-deployment.yaml
		client-service.yaml = client-service.yaml
		cronjobmanager-deployment.yaml = cronjobmanager-deployment.yaml
		cronjobmanager-service.yaml = cronjobmanager-service.yaml
		server-deployment.yaml = server-deployment.yaml
		server-service.yaml = server-service.yaml
		sql-server-deployment.yaml = sql-server-deployment.yaml
		sql-server-service.yaml = sql-server-service.yaml
	EndProjectSection
EndProject
Global
	GlobalSection(SolutionConfigurationPlatforms) = preSolution
		Debug|Any CPU = Debug|Any CPU
		Release|Any CPU = Release|Any CPU
	EndGlobalSection
	GlobalSection(ProjectConfigurationPlatforms) = postSolution
		{7B3C9370-FFF4-4A46-AF20-4D39B2CB19F4}.Debug|Any CPU.ActiveCfg = Debug|Any CPU
		{7B3C9370-FFF4-4A46-AF20-4D39B2CB19F4}.Debug|Any CPU.Build.0 = Debug|Any CPU
		{7B3C9370-FFF4-4A46-AF20-4D39B2CB19F4}.Release|Any CPU.ActiveCfg = Release|Any CPU
		{7B3C9370-FFF4-4A46-AF20-4D39B2CB19F4}.Release|Any CPU.Build.0 = Release|Any CPU
		{270C6527-ACBA-4BE2-B245-8B720513598C}.Debug|Any CPU.ActiveCfg = Debug|Any CPU
		{270C6527-ACBA-4BE2-B245-8B720513598C}.Debug|Any CPU.Build.0 = Debug|Any CPU
		{270C6527-ACBA-4BE2-B245-8B720513598C}.Release|Any CPU.ActiveCfg = Release|Any CPU
		{270C6527-ACBA-4BE2-B245-8B720513598C}.Release|Any CPU.Build.0 = Release|Any CPU
		{E3A7D5AD-3997-44A9-B90A-99197E2C8AF1}.Debug|Any CPU.ActiveCfg = Debug|Any CPU
		{E3A7D5AD-3997-44A9-B90A-99197E2C8AF1}.Debug|Any CPU.Build.0 = Debug|Any CPU
		{E3A7D5AD-3997-44A9-B90A-99197E2C8AF1}.Release|Any CPU.ActiveCfg = Release|Any CPU
		{E3A7D5AD-3997-44A9-B90A-99197E2C8AF1}.Release|Any CPU.Build.0 = Release|Any CPU
		{067270AC-912E-41A4-B1E2-60EA09694725}.Debug|Any CPU.ActiveCfg = Debug|Any CPU
		{067270AC-912E-41A4-B1E2-60EA09694725}.Debug|Any CPU.Build.0 = Debug|Any CPU
		{067270AC-912E-41A4-B1E2-60EA09694725}.Release|Any CPU.ActiveCfg = Release|Any CPU
		{067270AC-912E-41A4-B1E2-60EA09694725}.Release|Any CPU.Build.0 = Release|Any CPU
		{EDB6B19E-710B-4BF9-A081-5A99908EA59F}.Debug|Any CPU.ActiveCfg = Debug|Any CPU
		{EDB6B19E-710B-4BF9-A081-5A99908EA59F}.Debug|Any CPU.Build.0 = Debug|Any CPU
		{EDB6B19E-710B-4BF9-A081-5A99908EA59F}.Release|Any CPU.ActiveCfg = Release|Any CPU
		{EDB6B19E-710B-4BF9-A081-5A99908EA59F}.Release|Any CPU.Build.0 = Release|Any CPU
	EndGlobalSection
	GlobalSection(SolutionProperties) = preSolution
		HideSolutionNode = FALSE
	EndGlobalSection
	GlobalSection(ExtensibilityGlobals) = postSolution
		SolutionGuid = {5E3C9A64-FD18-49F7-BD49-FE916857DE13}
	EndGlobalSection
EndGlobal
